<?xml version="1.0" encoding="utf-8"?>
<Project ToolsVersion="4.0" xmlns="http://schemas.microsoft.com/developer/msbuild/2003">
  <ItemGroup>
    <ClCompile Include="src\ofApp.cpp">
      <Filter>src</Filter>
    </ClCompile>
    <ClCompile Include="src\main.cpp">
      <Filter>src</Filter>
    </ClCompile>
    <ClCompile Include="..\..\..\addons\ofxGui\src\ofxBaseGui.cpp">
      <Filter>addons\ofxGui\src</Filter>
    </ClCompile>
    <ClCompile Include="..\..\..\addons\ofxGui\src\ofxButton.cpp">
      <Filter>addons\ofxGui\src</Filter>
    </ClCompile>
    <ClCompile Include="..\..\..\addons\ofxGui\src\ofxGuiGroup.cpp">
      <Filter>addons\ofxGui\src</Filter>
    </ClCompile>
    <ClCompile Include="..\..\..\addons\ofxGui\src\ofxLabel.cpp">
      <Filter>addons\ofxGui\src</Filter>
    </ClCompile>
    <ClCompile Include="..\..\..\addons\ofxGui\src\ofxPanel.cpp">
      <Filter>addons\ofxGui\src</Filter>
    </ClCompile>
    <ClCompile Include="..\..\..\addons\ofxGui\src\ofxSlider.cpp">
      <Filter>addons\ofxGui\src</Filter>
    </ClCompile>
    <ClCompile Include="..\..\..\addons\ofxGui\src\ofxSliderGroup.cpp">
      <Filter>addons\ofxGui\src</Filter>
    </ClCompile>
    <ClCompile Include="..\..\..\addons\ofxGui\src\ofxToggle.cpp">
      <Filter>addons\ofxGui\src</Filter>
    </ClCompile>
    <ClCompile Include="..\..\..\addons\ofxOsc\src\ofxOscBundle.cpp">
      <Filter>addons\ofxOsc\src</Filter>
    </ClCompile>
    <ClCompile Include="..\..\..\addons\ofxOsc\src\ofxOscMessage.cpp">
      <Filter>addons\ofxOsc\src</Filter>
    </ClCompile>
    <ClCompile Include="..\..\..\addons\ofxOsc\src\ofxOscParameterSync.cpp">
      <Filter>addons\ofxOsc\src</Filter>
    </ClCompile>
    <ClCompile Include="..\..\..\addons\ofxOsc\src\ofxOscReceiver.cpp">
      <Filter>addons\ofxOsc\src</Filter>
    </ClCompile>
    <ClCompile Include="..\..\..\addons\ofxOsc\src\ofxOscSender.cpp">
      <Filter>addons\ofxOsc\src</Filter>
    </ClCompile>
    <ClCompile Include="..\..\..\addons\ofxOsc\libs\oscpack\src\ip\IpEndpointName.cpp">
      <Filter>addons\ofxOsc\libs\oscpack\src\ip</Filter>
    </ClCompile>
    <ClCompile Include="..\..\..\addons\ofxOsc\libs\oscpack\src\ip\posix\NetworkingUtils.cpp">
      <Filter>addons\ofxOsc\libs\oscpack\src\ip\posix</Filter>
    </ClCompile>
    <ClCompile Include="..\..\..\addons\ofxOsc\libs\oscpack\src\ip\posix\UdpSocket.cpp">
      <Filter>addons\ofxOsc\libs\oscpack\src\ip\posix</Filter>
    </ClCompile>
    <ClCompile Include="..\..\..\addons\ofxOsc\libs\oscpack\src\ip\win32\NetworkingUtils.cpp">
      <Filter>addons\ofxOsc\libs\oscpack\src\ip\win32</Filter>
    </ClCompile>
    <ClCompile Include="..\..\..\addons\ofxOsc\libs\oscpack\src\ip\win32\UdpSocket.cpp">
      <Filter>addons\ofxOsc\libs\oscpack\src\ip\win32</Filter>
    </ClCompile>
    <ClCompile Include="..\..\..\addons\ofxOsc\libs\oscpack\src\osc\OscOutboundPacketStream.cpp">
      <Filter>addons\ofxOsc\libs\oscpack\src\osc</Filter>
    </ClCompile>
    <ClCompile Include="..\..\..\addons\ofxOsc\libs\oscpack\src\osc\OscPrintReceivedElements.cpp">
      <Filter>addons\ofxOsc\libs\oscpack\src\osc</Filter>
    </ClCompile>
    <ClCompile Include="..\..\..\addons\ofxOsc\libs\oscpack\src\osc\OscReceivedElements.cpp">
      <Filter>addons\ofxOsc\libs\oscpack\src\osc</Filter>
    </ClCompile>
    <ClCompile Include="..\..\..\addons\ofxOsc\libs\oscpack\src\osc\OscTypes.cpp">
      <Filter>addons\ofxOsc\libs\oscpack\src\osc</Filter>
    </ClCompile>
    <ClCompile Include="..\..\..\addons\ofxMQTT\src\ofxMQTT.cpp">
      <Filter>addons\ofxMQTT\src</Filter>
    </ClCompile>
    <ClCompile Include="..\..\..\addons\ofxMQTT\libs\mosquitto\src\logging_mosq.c">
      <Filter>addons\ofxMQTT\libs\mosquitto\src</Filter>
    </ClCompile>
    <ClCompile Include="..\..\..\addons\ofxMQTT\libs\mosquitto\src\memory_mosq.c">
      <Filter>addons\ofxMQTT\libs\mosquitto\src</Filter>
    </ClCompile>
    <ClCompile Include="..\..\..\addons\ofxMQTT\libs\mosquitto\src\messages_mosq.c">
      <Filter>addons\ofxMQTT\libs\mosquitto\src</Filter>
    </ClCompile>
    <ClCompile Include="..\..\..\addons\ofxMQTT\libs\mosquitto\src\mosquitto.c">
      <Filter>addons\ofxMQTT\libs\mosquitto\src</Filter>
    </ClCompile>
    <ClCompile Include="..\..\..\addons\ofxMQTT\libs\mosquitto\src\net_mosq.c">
      <Filter>addons\ofxMQTT\libs\mosquitto\src</Filter>
    </ClCompile>
    <ClCompile Include="..\..\..\addons\ofxMQTT\libs\mosquitto\src\read_handle.c">
      <Filter>addons\ofxMQTT\libs\mosquitto\src</Filter>
    </ClCompile>
    <ClCompile Include="..\..\..\addons\ofxMQTT\libs\mosquitto\src\read_handle_client.c">
      <Filter>addons\ofxMQTT\libs\mosquitto\src</Filter>
    </ClCompile>
    <ClCompile Include="..\..\..\addons\ofxMQTT\libs\mosquitto\src\read_handle_shared.c">
      <Filter>addons\ofxMQTT\libs\mosquitto\src</Filter>
    </ClCompile>
    <ClCompile Include="..\..\..\addons\ofxMQTT\libs\mosquitto\src\send_client_mosq.c">
      <Filter>addons\ofxMQTT\libs\mosquitto\src</Filter>
    </ClCompile>
    <ClCompile Include="..\..\..\addons\ofxMQTT\libs\mosquitto\src\send_mosq.c">
      <Filter>addons\ofxMQTT\libs\mosquitto\src</Filter>
    </ClCompile>
    <ClCompile Include="..\..\..\addons\ofxMQTT\libs\mosquitto\src\socks_mosq.c">
      <Filter>addons\ofxMQTT\libs\mosquitto\src</Filter>
    </ClCompile>
    <ClCompile Include="..\..\..\addons\ofxMQTT\libs\mosquitto\src\srv_mosq.c">
      <Filter>addons\ofxMQTT\libs\mosquitto\src</Filter>
    </ClCompile>
    <ClCompile Include="..\..\..\addons\ofxMQTT\libs\mosquitto\src\thread_mosq.c">
      <Filter>addons\ofxMQTT\libs\mosquitto\src</Filter>
    </ClCompile>
    <ClCompile Include="..\..\..\addons\ofxMQTT\libs\mosquitto\src\time_mosq.c">
      <Filter>addons\ofxMQTT\libs\mosquitto\src</Filter>
    </ClCompile>
    <ClCompile Include="..\..\..\addons\ofxMQTT\libs\mosquitto\src\tls_mosq.c">
      <Filter>addons\ofxMQTT\libs\mosquitto\src</Filter>
    </ClCompile>
    <ClCompile Include="..\..\..\addons\ofxMQTT\libs\mosquitto\src\util_mosq.c">
      <Filter>addons\ofxMQTT\libs\mosquitto\src</Filter>
    </ClCompile>
    <ClCompile Include="..\..\..\addons\ofxMQTT\libs\mosquitto\src\will_mosq.c">
      <Filter>addons\ofxMQTT\libs\mosquitto\src</Filter>
    </ClCompile>
  </ItemGroup>
  <ItemGroup>
    <Filter Include="src">
      <UniqueIdentifier>{d8376475-7454-4a24-b08a-aac121d3ad6f}</UniqueIdentifier>
    </Filter>
    <Filter Include="addons">
      <UniqueIdentifier>{be87f7bd-0522-41c3-a4eb-e79506bf8998}</UniqueIdentifier>
    </Filter>
    <Filter Include="addons\ofxGui">
      <UniqueIdentifier>{4cd605ab-a0dd-449c-b73b-6a05305c9b75}</UniqueIdentifier>
    </Filter>
    <Filter Include="addons\ofxGui\src">
      <UniqueIdentifier>{e847f5ce-6872-42ce-9b8b-5969a6cf03d5}</UniqueIdentifier>
    </Filter>
    <Filter Include="addons\ofxOsc">
      <UniqueIdentifier>{db6f8835-65a0-4808-8081-5a8c804aceb4}</UniqueIdentifier>
    </Filter>
    <Filter Include="addons\ofxOsc\src">
      <UniqueIdentifier>{15bc6fcc-8ab5-4568-a7fc-8b794bcaa233}</UniqueIdentifier>
    </Filter>
    <Filter Include="addons\ofxOsc\libs">
      <UniqueIdentifier>{2932cf06-168a-4a13-b6a9-3ae855f00d30}</UniqueIdentifier>
    </Filter>
    <Filter Include="addons\ofxOsc\libs\oscpack">
      <UniqueIdentifier>{b36fd50b-ce96-40b0-ad80-5845eda8482a}</UniqueIdentifier>
    </Filter>
    <Filter Include="addons\ofxOsc\libs\oscpack\src">
      <UniqueIdentifier>{4d393c42-1635-4a5f-879d-b01bbacddb62}</UniqueIdentifier>
    </Filter>
    <Filter Include="addons\ofxOsc\libs\oscpack\src\ip">
      <UniqueIdentifier>{7bc741b7-2f8c-4d04-b329-1c51aafe9dc1}</UniqueIdentifier>
    </Filter>
    <Filter Include="addons\ofxOsc\libs\oscpack\src\ip\posix">
      <UniqueIdentifier>{5073a344-2939-47e5-9ff2-c63ea042a60c}</UniqueIdentifier>
    </Filter>
    <Filter Include="addons\ofxOsc\libs\oscpack\src\ip\win32">
      <UniqueIdentifier>{6acd6677-12e5-46f3-b2df-900f9999e4ad}</UniqueIdentifier>
    </Filter>
    <Filter Include="addons\ofxOsc\libs\oscpack\src\osc">
      <UniqueIdentifier>{b328bfbb-d8b0-43fd-ae34-f264ce6c524a}</UniqueIdentifier>
    </Filter>
    <Filter Include="addons\ofxMQTT">
      <UniqueIdentifier>{f5d9fd20-b7b6-4db9-bc1d-67089bf057ed}</UniqueIdentifier>
    </Filter>
    <Filter Include="addons\ofxMQTT\src">
      <UniqueIdentifier>{ddfe6ab7-d214-4c65-a46a-e3557d1a1015}</UniqueIdentifier>
    </Filter>
    <Filter Include="addons\ofxMQTT\libs">
      <UniqueIdentifier>{ed42bccb-d28d-4278-bad1-4e8e3524b3e7}</UniqueIdentifier>
    </Filter>
    <Filter Include="addons\ofxMQTT\libs\mosquitto">
      <UniqueIdentifier>{f0de3b3d-f9cf-42b8-bea7-6b04402723d5}</UniqueIdentifier>
    </Filter>
    <Filter Include="addons\ofxMQTT\libs\mosquitto\src">
      <UniqueIdentifier>{6882f671-40a9-46b8-9859-4f68b1bc62e4}</UniqueIdentifier>
    </Filter>
  </ItemGroup>
  <ItemGroup>
    <ClInclude Include="src\ofApp.h">
      <Filter>src</Filter>
    </ClInclude>
    <ClInclude Include="src\Scene\Mandelbox.h">
      <Filter>src</Filter>
    </ClInclude>
    <ClInclude Include="src\Scene\SceneBase.h">
      <Filter>src</Filter>
    </ClInclude>
    <ClInclude Include="src\CommonUtil.h">
      <Filter>src</Filter>
    </ClInclude>
    <ClInclude Include="src\Scene\Tgrad.h">
      <Filter>src</Filter>
    </ClInclude>
    <ClInclude Include="src\Scene\PseudoKnightyan.h">
      <Filter>src</Filter>
    </ClInclude>
    <ClInclude Include="src\Scene\Hartverdrahtet.h">
      <Filter>src</Filter>
    </ClInclude>
    <ClInclude Include="..\..\..\addons\ofxGui\src\ofxBaseGui.h">
      <Filter>addons\ofxGui\src</Filter>
    </ClInclude>
    <ClInclude Include="..\..\..\addons\ofxGui\src\ofxButton.h">
      <Filter>addons\ofxGui\src</Filter>
    </ClInclude>
    <ClInclude Include="..\..\..\addons\ofxGui\src\ofxGui.h">
      <Filter>addons\ofxGui\src</Filter>
    </ClInclude>
    <ClInclude Include="..\..\..\addons\ofxGui\src\ofxGuiGroup.h">
      <Filter>addons\ofxGui\src</Filter>
    </ClInclude>
    <ClInclude Include="..\..\..\addons\ofxGui\src\ofxLabel.h">
      <Filter>addons\ofxGui\src</Filter>
    </ClInclude>
    <ClInclude Include="..\..\..\addons\ofxGui\src\ofxPanel.h">
      <Filter>addons\ofxGui\src</Filter>
    </ClInclude>
    <ClInclude Include="..\..\..\addons\ofxGui\src\ofxSlider.h">
      <Filter>addons\ofxGui\src</Filter>
    </ClInclude>
    <ClInclude Include="..\..\..\addons\ofxGui\src\ofxSliderGroup.h">
      <Filter>addons\ofxGui\src</Filter>
    </ClInclude>
    <ClInclude Include="..\..\..\addons\ofxGui\src\ofxToggle.h">
      <Filter>addons\ofxGui\src</Filter>
    </ClInclude>
    <ClInclude Include="..\..\..\addons\ofxOsc\src\ofxOsc.h">
      <Filter>addons\ofxOsc\src</Filter>
    </ClInclude>
    <ClInclude Include="..\..\..\addons\ofxOsc\src\ofxOscArg.h">
      <Filter>addons\ofxOsc\src</Filter>
    </ClInclude>
    <ClInclude Include="..\..\..\addons\ofxOsc\src\ofxOscBundle.h">
      <Filter>addons\ofxOsc\src</Filter>
    </ClInclude>
    <ClInclude Include="..\..\..\addons\ofxOsc\src\ofxOscMessage.h">
      <Filter>addons\ofxOsc\src</Filter>
    </ClInclude>
    <ClInclude Include="..\..\..\addons\ofxOsc\src\ofxOscParameterSync.h">
      <Filter>addons\ofxOsc\src</Filter>
    </ClInclude>
    <ClInclude Include="..\..\..\addons\ofxOsc\src\ofxOscReceiver.h">
      <Filter>addons\ofxOsc\src</Filter>
    </ClInclude>
    <ClInclude Include="..\..\..\addons\ofxOsc\src\ofxOscSender.h">
      <Filter>addons\ofxOsc\src</Filter>
    </ClInclude>
    <ClInclude Include="..\..\..\addons\ofxOsc\libs\oscpack\src\ip\IpEndpointName.h">
      <Filter>addons\ofxOsc\libs\oscpack\src\ip</Filter>
    </ClInclude>
    <ClInclude Include="..\..\..\addons\ofxOsc\libs\oscpack\src\ip\NetworkingUtils.h">
      <Filter>addons\ofxOsc\libs\oscpack\src\ip</Filter>
    </ClInclude>
    <ClInclude Include="..\..\..\addons\ofxOsc\libs\oscpack\src\ip\PacketListener.h">
      <Filter>addons\ofxOsc\libs\oscpack\src\ip</Filter>
    </ClInclude>
    <ClInclude Include="..\..\..\addons\ofxOsc\libs\oscpack\src\ip\TimerListener.h">
      <Filter>addons\ofxOsc\libs\oscpack\src\ip</Filter>
    </ClInclude>
    <ClInclude Include="..\..\..\addons\ofxOsc\libs\oscpack\src\ip\UdpSocket.h">
      <Filter>addons\ofxOsc\libs\oscpack\src\ip</Filter>
    </ClInclude>
    <ClInclude Include="..\..\..\addons\ofxOsc\libs\oscpack\src\osc\MessageMappingOscPacketListener.h">
      <Filter>addons\ofxOsc\libs\oscpack\src\osc</Filter>
    </ClInclude>
    <ClInclude Include="..\..\..\addons\ofxOsc\libs\oscpack\src\osc\OscException.h">
      <Filter>addons\ofxOsc\libs\oscpack\src\osc</Filter>
    </ClInclude>
    <ClInclude Include="..\..\..\addons\ofxOsc\libs\oscpack\src\osc\OscHostEndianness.h">
      <Filter>addons\ofxOsc\libs\oscpack\src\osc</Filter>
    </ClInclude>
    <ClInclude Include="..\..\..\addons\ofxOsc\libs\oscpack\src\osc\OscOutboundPacketStream.h">
      <Filter>addons\ofxOsc\libs\oscpack\src\osc</Filter>
    </ClInclude>
    <ClInclude Include="..\..\..\addons\ofxOsc\libs\oscpack\src\osc\OscPacketListener.h">
      <Filter>addons\ofxOsc\libs\oscpack\src\osc</Filter>
    </ClInclude>
    <ClInclude Include="..\..\..\addons\ofxOsc\libs\oscpack\src\osc\OscPrintReceivedElements.h">
      <Filter>addons\ofxOsc\libs\oscpack\src\osc</Filter>
    </ClInclude>
    <ClInclude Include="..\..\..\addons\ofxOsc\libs\oscpack\src\osc\OscReceivedElements.h">
      <Filter>addons\ofxOsc\libs\oscpack\src\osc</Filter>
    </ClInclude>
    <ClInclude Include="..\..\..\addons\ofxOsc\libs\oscpack\src\osc\OscTypes.h">
      <Filter>addons\ofxOsc\libs\oscpack\src\osc</Filter>
    </ClInclude>
    <ClInclude Include="..\..\..\addons\ofxMQTT\src\ofxMQTT.h">
      <Filter>addons\ofxMQTT\src</Filter>
    </ClInclude>
    <ClInclude Include="..\..\..\addons\ofxMQTT\libs\mosquitto\src\config.h">
      <Filter>addons\ofxMQTT\libs\mosquitto\src</Filter>
    </ClInclude>
    <ClInclude Include="..\..\..\addons\ofxMQTT\libs\mosquitto\src\dummypthread.h">
      <Filter>addons\ofxMQTT\libs\mosquitto\src</Filter>
    </ClInclude>
    <ClInclude Include="..\..\..\addons\ofxMQTT\libs\mosquitto\src\logging_mosq.h">
      <Filter>addons\ofxMQTT\libs\mosquitto\src</Filter>
    </ClInclude>
    <ClInclude Include="..\..\..\addons\ofxMQTT\libs\mosquitto\src\memory_mosq.h">
      <Filter>addons\ofxMQTT\libs\mosquitto\src</Filter>
    </ClInclude>
    <ClInclude Include="..\..\..\addons\ofxMQTT\libs\mosquitto\src\messages_mosq.h">
      <Filter>addons\ofxMQTT\libs\mosquitto\src</Filter>
    </ClInclude>
    <ClInclude Include="..\..\..\addons\ofxMQTT\libs\mosquitto\src\mosquitto.h">
      <Filter>addons\ofxMQTT\libs\mosquitto\src</Filter>
    </ClInclude>
    <ClInclude Include="..\..\..\addons\ofxMQTT\libs\mosquitto\src\mosquitto_internal.h">
      <Filter>addons\ofxMQTT\libs\mosquitto\src</Filter>
    </ClInclude>
    <ClInclude Include="..\..\..\addons\ofxMQTT\libs\mosquitto\src\mqtt3_protocol.h">
      <Filter>addons\ofxMQTT\libs\mosquitto\src</Filter>
    </ClInclude>
    <ClInclude Include="..\..\..\addons\ofxMQTT\libs\mosquitto\src\net_mosq.h">
      <Filter>addons\ofxMQTT\libs\mosquitto\src</Filter>
    </ClInclude>
    <ClInclude Include="..\..\..\addons\ofxMQTT\libs\mosquitto\src\read_handle.h">
      <Filter>addons\ofxMQTT\libs\mosquitto\src</Filter>
    </ClInclude>
    <ClInclude Include="..\..\..\addons\ofxMQTT\libs\mosquitto\src\send_mosq.h">
      <Filter>addons\ofxMQTT\libs\mosquitto\src</Filter>
    </ClInclude>
    <ClInclude Include="..\..\..\addons\ofxMQTT\libs\mosquitto\src\socks_mosq.h">
      <Filter>addons\ofxMQTT\libs\mosquitto\src</Filter>
    </ClInclude>
    <ClInclude Include="..\..\..\addons\ofxMQTT\libs\mosquitto\src\time_mosq.h">
      <Filter>addons\ofxMQTT\libs\mosquitto\src</Filter>
    </ClInclude>
    <ClInclude Include="..\..\..\addons\ofxMQTT\libs\mosquitto\src\tls_mosq.h">
      <Filter>addons\ofxMQTT\libs\mosquitto\src</Filter>
    </ClInclude>
    <ClInclude Include="..\..\..\addons\ofxMQTT\libs\mosquitto\src\util_mosq.h">
      <Filter>addons\ofxMQTT\libs\mosquitto\src</Filter>
    </ClInclude>
    <ClInclude Include="..\..\..\addons\ofxMQTT\libs\mosquitto\src\will_mosq.h">
      <Filter>addons\ofxMQTT\libs\mosquitto\src</Filter>
    </ClInclude>
  </ItemGroup>
  <ItemGroup>
    <ResourceCompile Include="icon.rc" />
  </ItemGroup>
</Project>